
Microsoft Visual Studio Solution File, Format Version 12.00
# Visual Studio 15
VisualStudioVersion = 15.0.26730.16
MinimumVisualStudioVersion = 10.0.40219.1
Project("{FAE04EC0-301F-11D3-BF4B-00C04F79EFBC}") = "Techportal", "Techportal\Techportal.csproj", "{C526CDEE-CA63-4E8F-821C-9A516E9F1CB9}"
EndProject
Global
	GlobalSection(SolutionConfigurationPlatforms) = preSolution
		Debug|Any CPU = Debug|Any CPU
		Release|Any CPU = Release|Any CPU
	EndGlobalSection
	GlobalSection(ProjectConfigurationPlatforms) = postSolution
		{C526CDEE-CA63-4E8F-821C-9A516E9F1CB9}.Debug|Any CPU.ActiveCfg = Debug|Any CPU
		{C526CDEE-CA63-4E8F-821C-9A516E9F1CB9}.Debug|Any CPU.Build.0 = Debug|Any CPU
		{C526CDEE-CA63-4E8F-821C-9A516E9F1CB9}.Release|Any CPU.ActiveCfg = Release|Any CPU
		{C526CDEE-CA63-4E8F-821C-9A516E9F1CB9}.Release|Any CPU.Build.0 = Release|Any CPU
	EndGlobalSection
	GlobalSection(SolutionProperties) = preSolution
		HideSolutionNode = FALSE
	EndGlobalSection
	GlobalSection(ExtensibilityGlobals) = postSolution
		SolutionGuid = {64DCF8F6-E372-47AE-BF2A-C004127D60DB}
	EndGlobalSection
EndGlobal
